
Microsoft Visual Studio Solution File, Format Version 12.00
# Visual Studio Version 17
VisualStudioVersion = 17.0.31612.314
MinimumVisualStudioVersion = 10.0.40219.1
Project("{2150E333-8FDC-42A3-9474-1A3956D46DE8}") = "Solution Items", "Solution Items", "{14426345-2DE8-4450-A2F6-D23107D62989}"
	ProjectSection(SolutionItems) = preProject
		.editorconfig = .editorconfig
		.gitattributes = .gitattributes
		.gitignore = .gitignore
		.vsconfig = .vsconfig
		browserstack-logo.png = browserstack-logo.png
		build.ps1 = build.ps1
		CODE_OF_CONDUCT.md = CODE_OF_CONDUCT.md
		Directory.Build.props = Directory.Build.props
		Directory.Packages.props = Directory.Packages.props
		global.json = global.json
		LICENSE = LICENSE
		MartinCostello.BrowserStack.Automate.ruleset = MartinCostello.BrowserStack.Automate.ruleset
		MartinCostello.BrowserStack.Automate.snk = MartinCostello.BrowserStack.Automate.snk
		NuGet.config = NuGet.config
		README.md = README.md
		stylecop.json = stylecop.json
	EndProjectSection
EndProject
Project("{2150E333-8FDC-42A3-9474-1A3956D46DE8}") = "src", "src", "{F0ED165C-03B3-4578-8B19-64B15F673E76}"
EndProject
Project("{2150E333-8FDC-42A3-9474-1A3956D46DE8}") = "tests", "tests", "{0F694B07-6EBF-45FB-99A0-266542E16DEE}"
EndProject
Project("{9A19103F-16F7-4668-BE54-9A1E7A4F7556}") = "MartinCostello.BrowserStack.Automate", "src\MartinCostello.BrowserStack.Automate\MartinCostello.BrowserStack.Automate.csproj", "{DA306F05-7E38-43DA-9C48-674028A34577}"
EndProject
Project("{9A19103F-16F7-4668-BE54-9A1E7A4F7556}") = "MartinCostello.BrowserStack.Automate.Tests", "tests\MartinCostello.BrowserStack.Automate.Tests\MartinCostello.BrowserStack.Automate.Tests.csproj", "{DC723DF1-5852-45B1-B2BD-71BA85CDED1E}"
EndProject
Project("{2150E333-8FDC-42A3-9474-1A3956D46DE8}") = ".vscode", ".vscode", "{4CF8E4EC-32C8-46DB-BDBF-4CEE57614DFE}"
	ProjectSection(SolutionItems) = preProject
		.vscode\extensions.json = .vscode\extensions.json
		.vscode\launch.json = .vscode\launch.json
		.vscode\tasks.json = .vscode\tasks.json
	EndProjectSection
EndProject
Project("{2150E333-8FDC-42A3-9474-1A3956D46DE8}") = ".github", ".github", "{11A7E733-D158-4529-B060-F16D1E4EC9E9}"
	ProjectSection(SolutionItems) = preProject
		.github\CONTRIBUTING.md = .github\CONTRIBUTING.md
		.github\ISSUE_TEMPLATE.md = .github\ISSUE_TEMPLATE.md
		.github\PULL_REQUEST_TEMPLATE.md = .github\PULL_REQUEST_TEMPLATE.md
		.github\stale.yml = .github\stale.yml
	EndProjectSection
EndProject
Project("{2150E333-8FDC-42A3-9474-1A3956D46DE8}") = "ISSUE_TEMPLATE", "ISSUE_TEMPLATE", "{89AEF2C7-E8BE-471D-9B59-7F3878A6B542}"
	ProjectSection(SolutionItems) = preProject
		.github\ISSUE_TEMPLATE\bug_report.md = .github\ISSUE_TEMPLATE\bug_report.md
		.github\ISSUE_TEMPLATE\feature_request.md = .github\ISSUE_TEMPLATE\feature_request.md
	EndProjectSection
EndProject
Project("{2150E333-8FDC-42A3-9474-1A3956D46DE8}") = "workflows", "workflows", "{FE784E9A-7C93-4030-BD97-BAAA9B362022}"
	ProjectSection(SolutionItems) = preProject
		.github\workflows\build.yml = .github\workflows\build.yml
		.github\workflows\bump-version.yml = .github\workflows\bump-version.yml
		.github\workflows\codeql-analysis.yml = .github\workflows\codeql-analysis.yml
		.github\workflows\dependency-review.yml = .github\workflows\dependency-review.yml
		.github\workflows\lint.yml = .github\workflows\lint.yml
		.github\workflows\ossf-scorecard.yml = .github\workflows\ossf-scorecard.yml
		.github\workflows\release.yml = .github\workflows\release.yml
	EndProjectSection
EndProject
Global
	GlobalSection(SolutionConfigurationPlatforms) = preSolution
		Debug|Any CPU = Debug|Any CPU
		Release|Any CPU = Release|Any CPU
	EndGlobalSection
	GlobalSection(ProjectConfigurationPlatforms) = postSolution
		{DA306F05-7E38-43DA-9C48-674028A34577}.Debug|Any CPU.ActiveCfg = Debug|Any CPU
		{DA306F05-7E38-43DA-9C48-674028A34577}.Debug|Any CPU.Build.0 = Debug|Any CPU
		{DA306F05-7E38-43DA-9C48-674028A34577}.Release|Any CPU.ActiveCfg = Release|Any CPU
		{DA306F05-7E38-43DA-9C48-674028A34577}.Release|Any CPU.Build.0 = Release|Any CPU
		{DC723DF1-5852-45B1-B2BD-71BA85CDED1E}.Debug|Any CPU.ActiveCfg = Debug|Any CPU
		{DC723DF1-5852-45B1-B2BD-71BA85CDED1E}.Debug|Any CPU.Build.0 = Debug|Any CPU
		{DC723DF1-5852-45B1-B2BD-71BA85CDED1E}.Release|Any CPU.ActiveCfg = Release|Any CPU
		{DC723DF1-5852-45B1-B2BD-71BA85CDED1E}.Release|Any CPU.Build.0 = Release|Any CPU
	EndGlobalSection
	GlobalSection(SolutionProperties) = preSolution
		HideSolutionNode = FALSE
	EndGlobalSection
	GlobalSection(NestedProjects) = preSolution
		{DA306F05-7E38-43DA-9C48-674028A34577} = {F0ED165C-03B3-4578-8B19-64B15F673E76}
		{DC723DF1-5852-45B1-B2BD-71BA85CDED1E} = {0F694B07-6EBF-45FB-99A0-266542E16DEE}
		{4CF8E4EC-32C8-46DB-BDBF-4CEE57614DFE} = {14426345-2DE8-4450-A2F6-D23107D62989}
		{11A7E733-D158-4529-B060-F16D1E4EC9E9} = {14426345-2DE8-4450-A2F6-D23107D62989}
		{89AEF2C7-E8BE-471D-9B59-7F3878A6B542} = {11A7E733-D158-4529-B060-F16D1E4EC9E9}
		{FE784E9A-7C93-4030-BD97-BAAA9B362022} = {11A7E733-D158-4529-B060-F16D1E4EC9E9}
	EndGlobalSection
	GlobalSection(ExtensibilityGlobals) = postSolution
		SolutionGuid = {9E9EECDD-AA72-44DC-BA85-0CF401B72A99}
	EndGlobalSection
EndGlobal
